
Microsoft Visual Studio Solution File, Format Version 12.00
# Visual Studio Version 17
VisualStudioVersion = 17.6.33829.357
MinimumVisualStudioVersion = 10.0.40219.1
Project("{FAE04EC0-301F-11D3-BF4B-00C04F79EFBC}") = "Expense Tracker", "Expense Tracker\Expense Tracker.csproj", "{BF91E153-2201-4383-840C-25742F650DF1}"
EndProject
Global
	GlobalSection(SolutionConfigurationPlatforms) = preSolution
		Debug|Any CPU = Debug|Any CPU
		Release|Any CPU = Release|Any CPU
	EndGlobalSection
	GlobalSection(ProjectConfigurationPlatforms) = postSolution
		{BF91E153-2201-4383-840C-25742F650DF1}.Debug|Any CPU.ActiveCfg = Debug|Any CPU
		{BF91E153-2201-4383-840C-25742F650DF1}.Debug|Any CPU.Build.0 = Debug|Any CPU
		{BF91E153-2201-4383-840C-25742F650DF1}.Release|Any CPU.ActiveCfg = Release|Any CPU
		{BF91E153-2201-4383-840C-25742F650DF1}.Release|Any CPU.Build.0 = Release|Any CPU
	EndGlobalSection
	GlobalSection(SolutionProperties) = preSolution
		HideSolutionNode = FALSE
	EndGlobalSection
	GlobalSection(ExtensibilityGlobals) = postSolution
		SolutionGuid = {E9FB1BC4-E750-4834-A533-7A1EA51E3AA8}
	EndGlobalSection
EndGlobal
